
Microsoft Visual Studio Solution File, Format Version 12.00
# Visual Studio Version 17
VisualStudioVersion = 17.11.35208.52
MinimumVisualStudioVersion = 10.0.40219.1
Project("{FAE04EC0-301F-11D3-BF4B-00C04F79EFBC}") = "personwl_takip_programı", "personwl_takip_programı\personwl_takip_programı.csproj", "{03F699E9-4808-42D9-B891-CF3E56FE23AE}"
EndProject
Global
	GlobalSection(SolutionConfigurationPlatforms) = preSolution
		Debug|Any CPU = Debug|Any CPU
		Release|Any CPU = Release|Any CPU
	EndGlobalSection
	GlobalSection(ProjectConfigurationPlatforms) = postSolution
		{03F699E9-4808-42D9-B891-CF3E56FE23AE}.Debug|Any CPU.ActiveCfg = Debug|Any CPU
		{03F699E9-4808-42D9-B891-CF3E56FE23AE}.Debug|Any CPU.Build.0 = Debug|Any CPU
		{03F699E9-4808-42D9-B891-CF3E56FE23AE}.Release|Any CPU.ActiveCfg = Release|Any CPU
		{03F699E9-4808-42D9-B891-CF3E56FE23AE}.Release|Any CPU.Build.0 = Release|Any CPU
	EndGlobalSection
	GlobalSection(SolutionProperties) = preSolution
		HideSolutionNode = FALSE
	EndGlobalSection
	GlobalSection(ExtensibilityGlobals) = postSolution
		SolutionGuid = {2200E94C-4108-48E0-95BD-DCBB7E724C63}
	EndGlobalSection
EndGlobal
